
Microsoft Visual Studio Solution File, Format Version 12.00
# Visual Studio Version 16
VisualStudioVersion = 16.0.28606.126
MinimumVisualStudioVersion = 10.0.40219.1
Project("{2150E333-8FDC-42A3-9474-1A3956D46DE8}") = "GRPC", "GRPC", "{F461739C-93CA-4554-B283-19EC4839E649}"
EndProject
Project("{9A19103F-16F7-4668-BE54-9A1E7A4F7556}") = "GRPC.Server", "GRPC\GRPC.Server\GRPC.Server.csproj", "{066D16DF-9EAB-4328-8769-4C3D84C9C89E}"
EndProject
Project("{9A19103F-16F7-4668-BE54-9A1E7A4F7556}") = "GRPC.Client", "GRPC\GRPC.Client\GRPC.Client.csproj", "{9BD1A789-9DFE-4A05-A0E9-1289C8E074BB}"
EndProject
Project("{9A19103F-16F7-4668-BE54-9A1E7A4F7556}") = "GRPC.CoreDemo", "GRPC\GRPC.CoreDemo\GRPC.CoreDemo.csproj", "{ABF821DC-0938-4A79-9210-F45F2A774237}"
EndProject
Project("{9A19103F-16F7-4668-BE54-9A1E7A4F7556}") = "Utilities", "Utilities\Utilities.csproj", "{0BBB985D-F794-4A3F-919E-654C46F93D7F}"
EndProject
Project("{2150E333-8FDC-42A3-9474-1A3956D46DE8}") = "Docker", "Docker", "{7DA7EF90-D187-41E7-BC1B-5D470D90A042}"
EndProject
Project("{9A19103F-16F7-4668-BE54-9A1E7A4F7556}") = "DockerDemo1", "Docker\DockerDemo1\DockerDemo1.csproj", "{38B635AD-B2BC-4BCB-94FF-9AE6AD664F47}"
EndProject
Project("{9A19103F-16F7-4668-BE54-9A1E7A4F7556}") = "XUnitTest", "XUnitTest\XUnitTest.csproj", "{AB298B55-9A13-453D-8F1A-BAEFD1DA06CC}"
EndProject
Project("{9A19103F-16F7-4668-BE54-9A1E7A4F7556}") = "DapperModel", "MSSQL\DapperModel\DapperModel.csproj", "{902134AA-6330-4C08-BF3C-0FB4B371E7DA}"
EndProject
Project("{9A19103F-16F7-4668-BE54-9A1E7A4F7556}") = "DapperHelper", "MSSQL\DapperHelper\DapperHelper.csproj", "{5738335C-845D-4CDB-B9AE-271F1D181373}"
EndProject
Project("{2150E333-8FDC-42A3-9474-1A3956D46DE8}") = "Redis", "Redis", "{1B2670BE-E162-4391-8A85-4B9AE8D1DF5E}"
EndProject
Project("{9A19103F-16F7-4668-BE54-9A1E7A4F7556}") = "RedisDemo", "Redis\RedisDemo\RedisDemo.csproj", "{75E9D9D2-A7D5-4C09-9EA2-55AC95856312}"
EndProject
Project("{2150E333-8FDC-42A3-9474-1A3956D46DE8}") = "IoC", "IoC", "{EA2CB82B-7647-447D-B02E-24514A6302EE}"
EndProject
Project("{2150E333-8FDC-42A3-9474-1A3956D46DE8}") = "DDD", "DDD", "{ACE8249C-EC36-4AFF-95C0-E5F88006CCC1}"
EndProject
Project("{9A19103F-16F7-4668-BE54-9A1E7A4F7556}") = "MongoDBHelper", "MongoDB\MongoDBHelper\MongoDBHelper.csproj", "{F3B41893-5CA1-4B56-8F14-940C4B35A219}"
EndProject
Project("{9A19103F-16F7-4668-BE54-9A1E7A4F7556}") = "MongoDBModel", "MongoDB\MongoDBModel\MongoDBModel.csproj", "{D32E0B11-2B2E-4DB3-B567-4DB1EA98B690}"
EndProject
Project("{2150E333-8FDC-42A3-9474-1A3956D46DE8}") = "Linq", "Linq", "{7FFCE405-CAFF-4D52-84D3-061FDAA55C83}"
EndProject
Project("{2150E333-8FDC-42A3-9474-1A3956D46DE8}") = "Map", "Map", "{4BE72704-53C4-4211-A44E-E38AF5D1B379}"
EndProject
Project("{2150E333-8FDC-42A3-9474-1A3956D46DE8}") = "Log", "Log", "{745A9CC7-CBF7-4D89-AC86-B224A17F343E}"
EndProject
Project("{2150E333-8FDC-42A3-9474-1A3956D46DE8}") = "MQ", "MQ", "{869253AE-67B6-4A50-A494-C8B0F4933549}"
EndProject
Project("{2150E333-8FDC-42A3-9474-1A3956D46DE8}") = "ES", "ES", "{2CD9E7F5-F8E9-4212-BDFB-77CD5A99DBF7}"
EndProject
Project("{2150E333-8FDC-42A3-9474-1A3956D46DE8}") = "Socket", "Socket", "{6A2D0128-EE25-4204-B72B-82C3458ECDBD}"
EndProject
Project("{2150E333-8FDC-42A3-9474-1A3956D46DE8}") = "Castle.Core", "Castle.Core", "{E4EE5268-7E77-4928-BCF5-A172654BAC69}"
EndProject
Project("{9A19103F-16F7-4668-BE54-9A1E7A4F7556}") = "DDD.Server", "DDD\DDD.Server\DDD.Server.csproj", "{F4BB8686-A17D-4759-80B8-27A65A21DDC9}"
EndProject
Project("{9A19103F-16F7-4668-BE54-9A1E7A4F7556}") = "DDD.Application", "DDD\DDD.Application\DDD.Application.csproj", "{ECD8CDA3-25F6-4F6A-96A1-E63EACB8D141}"
EndProject
Project("{2150E333-8FDC-42A3-9474-1A3956D46DE8}") = "Domain", "Domain", "{C192002A-3D9E-4CFF-BB5B-9666A7B8145E}"
EndProject
Project("{9A19103F-16F7-4668-BE54-9A1E7A4F7556}") = "DDD.Entity", "DDD\DDD.Entity\DDD.Entity.csproj", "{A583CC38-10A6-497A-BD24-4B05B68D0F12}"
EndProject
Project("{2150E333-8FDC-42A3-9474-1A3956D46DE8}") = "Infrastructure", "Infrastructure", "{FC7049D9-C6ED-46F0-93A1-497F3013E611}"
EndProject
Project("{9A19103F-16F7-4668-BE54-9A1E7A4F7556}") = "DDD.Basice", "DDD\DDD.Basice\DDD.Basice.csproj", "{99CC6078-4B7A-4837-9CBD-AC94FB891CBD}"
EndProject
Project("{9A19103F-16F7-4668-BE54-9A1E7A4F7556}") = "DDD.DTO", "DDD\DDD.DTO\DDD.DTO.csproj", "{7769FDD3-85CE-403D-B451-DC1A1E096512}"
EndProject
Project("{9A19103F-16F7-4668-BE54-9A1E7A4F7556}") = "DDD.Utilities", "DDD\DDD.Utilities\DDD.Utilities.csproj", "{874E2753-AD5F-44E9-96F9-62B08B328F6C}"
EndProject
Project("{9A19103F-16F7-4668-BE54-9A1E7A4F7556}") = "DDD.IRepositories", "DDD\DDD.IRepositories\DDD.IRepositories.csproj", "{5348BA2B-0432-4ECD-A687-B8195B070FFA}"
EndProject
Project("{9A19103F-16F7-4668-BE54-9A1E7A4F7556}") = "DDD.Repositories", "DDD\DDD.Repositories\DDD.Repositories.csproj", "{C8F7CF89-52F7-4ACC-A008-0B33B0AAA951}"
EndProject
Project("{2150E333-8FDC-42A3-9474-1A3956D46DE8}") = "MongoDB", "MongoDB", "{DD2D0DAB-E93E-4247-BC96-40FB754BE050}"
EndProject
Project("{2150E333-8FDC-42A3-9474-1A3956D46DE8}") = "Dapper", "Dapper", "{2739231F-9060-4AAC-9B65-D9A13DBC9AB7}"
EndProject
Project("{9A19103F-16F7-4668-BE54-9A1E7A4F7556}") = "Demo", "Socket\Demo\Demo.csproj", "{B78EB226-F930-4118-B401-A7CD904A4F0C}"
EndProject
Project("{9A19103F-16F7-4668-BE54-9A1E7A4F7556}") = "MVC", "IoC\MVC\MVC.csproj", "{42898296-34F7-4F7F-A83C-7793ADF2F58D}"
EndProject
Global
	GlobalSection(SolutionConfigurationPlatforms) = preSolution
		Debug|Any CPU = Debug|Any CPU
		Release|Any CPU = Release|Any CPU
	EndGlobalSection
	GlobalSection(ProjectConfigurationPlatforms) = postSolution
		{066D16DF-9EAB-4328-8769-4C3D84C9C89E}.Debug|Any CPU.ActiveCfg = Release|Any CPU
		{066D16DF-9EAB-4328-8769-4C3D84C9C89E}.Debug|Any CPU.Build.0 = Release|Any CPU
		{066D16DF-9EAB-4328-8769-4C3D84C9C89E}.Release|Any CPU.ActiveCfg = Release|Any CPU
		{066D16DF-9EAB-4328-8769-4C3D84C9C89E}.Release|Any CPU.Build.0 = Release|Any CPU
		{9BD1A789-9DFE-4A05-A0E9-1289C8E074BB}.Debug|Any CPU.ActiveCfg = Release|Any CPU
		{9BD1A789-9DFE-4A05-A0E9-1289C8E074BB}.Debug|Any CPU.Build.0 = Release|Any CPU
		{9BD1A789-9DFE-4A05-A0E9-1289C8E074BB}.Release|Any CPU.ActiveCfg = Release|Any CPU
		{9BD1A789-9DFE-4A05-A0E9-1289C8E074BB}.Release|Any CPU.Build.0 = Release|Any CPU
		{ABF821DC-0938-4A79-9210-F45F2A774237}.Debug|Any CPU.ActiveCfg = Release|Any CPU
		{ABF821DC-0938-4A79-9210-F45F2A774237}.Debug|Any CPU.Build.0 = Release|Any CPU
		{ABF821DC-0938-4A79-9210-F45F2A774237}.Release|Any CPU.ActiveCfg = Release|Any CPU
		{ABF821DC-0938-4A79-9210-F45F2A774237}.Release|Any CPU.Build.0 = Release|Any CPU
		{0BBB985D-F794-4A3F-919E-654C46F93D7F}.Debug|Any CPU.ActiveCfg = Debug|Any CPU
		{0BBB985D-F794-4A3F-919E-654C46F93D7F}.Debug|Any CPU.Build.0 = Debug|Any CPU
		{0BBB985D-F794-4A3F-919E-654C46F93D7F}.Release|Any CPU.ActiveCfg = Release|Any CPU
		{0BBB985D-F794-4A3F-919E-654C46F93D7F}.Release|Any CPU.Build.0 = Release|Any CPU
		{38B635AD-B2BC-4BCB-94FF-9AE6AD664F47}.Debug|Any CPU.ActiveCfg = Debug|Any CPU
		{38B635AD-B2BC-4BCB-94FF-9AE6AD664F47}.Debug|Any CPU.Build.0 = Debug|Any CPU
		{38B635AD-B2BC-4BCB-94FF-9AE6AD664F47}.Release|Any CPU.ActiveCfg = Release|Any CPU
		{38B635AD-B2BC-4BCB-94FF-9AE6AD664F47}.Release|Any CPU.Build.0 = Release|Any CPU
		{AB298B55-9A13-453D-8F1A-BAEFD1DA06CC}.Debug|Any CPU.ActiveCfg = Debug|Any CPU
		{AB298B55-9A13-453D-8F1A-BAEFD1DA06CC}.Debug|Any CPU.Build.0 = Debug|Any CPU
		{AB298B55-9A13-453D-8F1A-BAEFD1DA06CC}.Release|Any CPU.ActiveCfg = Release|Any CPU
		{AB298B55-9A13-453D-8F1A-BAEFD1DA06CC}.Release|Any CPU.Build.0 = Release|Any CPU
		{902134AA-6330-4C08-BF3C-0FB4B371E7DA}.Debug|Any CPU.ActiveCfg = Debug|Any CPU
		{902134AA-6330-4C08-BF3C-0FB4B371E7DA}.Debug|Any CPU.Build.0 = Debug|Any CPU
		{902134AA-6330-4C08-BF3C-0FB4B371E7DA}.Release|Any CPU.ActiveCfg = Release|Any CPU
		{902134AA-6330-4C08-BF3C-0FB4B371E7DA}.Release|Any CPU.Build.0 = Release|Any CPU
		{5738335C-845D-4CDB-B9AE-271F1D181373}.Debug|Any CPU.ActiveCfg = Debug|Any CPU
		{5738335C-845D-4CDB-B9AE-271F1D181373}.Debug|Any CPU.Build.0 = Debug|Any CPU
		{5738335C-845D-4CDB-B9AE-271F1D181373}.Release|Any CPU.ActiveCfg = Release|Any CPU
		{5738335C-845D-4CDB-B9AE-271F1D181373}.Release|Any CPU.Build.0 = Release|Any CPU
		{75E9D9D2-A7D5-4C09-9EA2-55AC95856312}.Debug|Any CPU.ActiveCfg = Debug|Any CPU
		{75E9D9D2-A7D5-4C09-9EA2-55AC95856312}.Debug|Any CPU.Build.0 = Debug|Any CPU
		{75E9D9D2-A7D5-4C09-9EA2-55AC95856312}.Release|Any CPU.ActiveCfg = Release|Any CPU
		{75E9D9D2-A7D5-4C09-9EA2-55AC95856312}.Release|Any CPU.Build.0 = Release|Any CPU
		{F3B41893-5CA1-4B56-8F14-940C4B35A219}.Debug|Any CPU.ActiveCfg = Debug|Any CPU
		{F3B41893-5CA1-4B56-8F14-940C4B35A219}.Debug|Any CPU.Build.0 = Debug|Any CPU
		{F3B41893-5CA1-4B56-8F14-940C4B35A219}.Release|Any CPU.ActiveCfg = Release|Any CPU
		{F3B41893-5CA1-4B56-8F14-940C4B35A219}.Release|Any CPU.Build.0 = Release|Any CPU
		{D32E0B11-2B2E-4DB3-B567-4DB1EA98B690}.Debug|Any CPU.ActiveCfg = Debug|Any CPU
		{D32E0B11-2B2E-4DB3-B567-4DB1EA98B690}.Debug|Any CPU.Build.0 = Debug|Any CPU
		{D32E0B11-2B2E-4DB3-B567-4DB1EA98B690}.Release|Any CPU.ActiveCfg = Release|Any CPU
		{D32E0B11-2B2E-4DB3-B567-4DB1EA98B690}.Release|Any CPU.Build.0 = Release|Any CPU
		{F4BB8686-A17D-4759-80B8-27A65A21DDC9}.Debug|Any CPU.ActiveCfg = Debug|Any CPU
		{F4BB8686-A17D-4759-80B8-27A65A21DDC9}.Debug|Any CPU.Build.0 = Debug|Any CPU
		{F4BB8686-A17D-4759-80B8-27A65A21DDC9}.Release|Any CPU.ActiveCfg = Release|Any CPU
		{F4BB8686-A17D-4759-80B8-27A65A21DDC9}.Release|Any CPU.Build.0 = Release|Any CPU
		{ECD8CDA3-25F6-4F6A-96A1-E63EACB8D141}.Debug|Any CPU.ActiveCfg = Debug|Any CPU
		{ECD8CDA3-25F6-4F6A-96A1-E63EACB8D141}.Debug|Any CPU.Build.0 = Debug|Any CPU
		{ECD8CDA3-25F6-4F6A-96A1-E63EACB8D141}.Release|Any CPU.ActiveCfg = Release|Any CPU
		{ECD8CDA3-25F6-4F6A-96A1-E63EACB8D141}.Release|Any CPU.Build.0 = Release|Any CPU
		{A583CC38-10A6-497A-BD24-4B05B68D0F12}.Debug|Any CPU.ActiveCfg = Debug|Any CPU
		{A583CC38-10A6-497A-BD24-4B05B68D0F12}.Debug|Any CPU.Build.0 = Debug|Any CPU
		{A583CC38-10A6-497A-BD24-4B05B68D0F12}.Release|Any CPU.ActiveCfg = Release|Any CPU
		{A583CC38-10A6-497A-BD24-4B05B68D0F12}.Release|Any CPU.Build.0 = Release|Any CPU
		{99CC6078-4B7A-4837-9CBD-AC94FB891CBD}.Debug|Any CPU.ActiveCfg = Debug|Any CPU
		{99CC6078-4B7A-4837-9CBD-AC94FB891CBD}.Debug|Any CPU.Build.0 = Debug|Any CPU
		{99CC6078-4B7A-4837-9CBD-AC94FB891CBD}.Release|Any CPU.ActiveCfg = Release|Any CPU
		{99CC6078-4B7A-4837-9CBD-AC94FB891CBD}.Release|Any CPU.Build.0 = Release|Any CPU
		{7769FDD3-85CE-403D-B451-DC1A1E096512}.Debug|Any CPU.ActiveCfg = Debug|Any CPU
		{7769FDD3-85CE-403D-B451-DC1A1E096512}.Debug|Any CPU.Build.0 = Debug|Any CPU
		{7769FDD3-85CE-403D-B451-DC1A1E096512}.Release|Any CPU.ActiveCfg = Release|Any CPU
		{7769FDD3-85CE-403D-B451-DC1A1E096512}.Release|Any CPU.Build.0 = Release|Any CPU
		{874E2753-AD5F-44E9-96F9-62B08B328F6C}.Debug|Any CPU.ActiveCfg = Debug|Any CPU
		{874E2753-AD5F-44E9-96F9-62B08B328F6C}.Debug|Any CPU.Build.0 = Debug|Any CPU
		{874E2753-AD5F-44E9-96F9-62B08B328F6C}.Release|Any CPU.ActiveCfg = Release|Any CPU
		{874E2753-AD5F-44E9-96F9-62B08B328F6C}.Release|Any CPU.Build.0 = Release|Any CPU
		{5348BA2B-0432-4ECD-A687-B8195B070FFA}.Debug|Any CPU.ActiveCfg = Debug|Any CPU
		{5348BA2B-0432-4ECD-A687-B8195B070FFA}.Debug|Any CPU.Build.0 = Debug|Any CPU
		{5348BA2B-0432-4ECD-A687-B8195B070FFA}.Release|Any CPU.ActiveCfg = Release|Any CPU
		{5348BA2B-0432-4ECD-A687-B8195B070FFA}.Release|Any CPU.Build.0 = Release|Any CPU
		{C8F7CF89-52F7-4ACC-A008-0B33B0AAA951}.Debug|Any CPU.ActiveCfg = Debug|Any CPU
		{C8F7CF89-52F7-4ACC-A008-0B33B0AAA951}.Debug|Any CPU.Build.0 = Debug|Any CPU
		{C8F7CF89-52F7-4ACC-A008-0B33B0AAA951}.Release|Any CPU.ActiveCfg = Release|Any CPU
		{C8F7CF89-52F7-4ACC-A008-0B33B0AAA951}.Release|Any CPU.Build.0 = Release|Any CPU
		{B78EB226-F930-4118-B401-A7CD904A4F0C}.Debug|Any CPU.ActiveCfg = Debug|Any CPU
		{B78EB226-F930-4118-B401-A7CD904A4F0C}.Debug|Any CPU.Build.0 = Debug|Any CPU
		{B78EB226-F930-4118-B401-A7CD904A4F0C}.Release|Any CPU.ActiveCfg = Release|Any CPU
		{B78EB226-F930-4118-B401-A7CD904A4F0C}.Release|Any CPU.Build.0 = Release|Any CPU
		{42898296-34F7-4F7F-A83C-7793ADF2F58D}.Debug|Any CPU.ActiveCfg = Debug|Any CPU
		{42898296-34F7-4F7F-A83C-7793ADF2F58D}.Debug|Any CPU.Build.0 = Debug|Any CPU
		{42898296-34F7-4F7F-A83C-7793ADF2F58D}.Release|Any CPU.ActiveCfg = Release|Any CPU
		{42898296-34F7-4F7F-A83C-7793ADF2F58D}.Release|Any CPU.Build.0 = Release|Any CPU
	EndGlobalSection
	GlobalSection(SolutionProperties) = preSolution
		HideSolutionNode = FALSE
	EndGlobalSection
	GlobalSection(NestedProjects) = preSolution
		{066D16DF-9EAB-4328-8769-4C3D84C9C89E} = {F461739C-93CA-4554-B283-19EC4839E649}
		{9BD1A789-9DFE-4A05-A0E9-1289C8E074BB} = {F461739C-93CA-4554-B283-19EC4839E649}
		{ABF821DC-0938-4A79-9210-F45F2A774237} = {F461739C-93CA-4554-B283-19EC4839E649}
		{38B635AD-B2BC-4BCB-94FF-9AE6AD664F47} = {7DA7EF90-D187-41E7-BC1B-5D470D90A042}
		{902134AA-6330-4C08-BF3C-0FB4B371E7DA} = {2739231F-9060-4AAC-9B65-D9A13DBC9AB7}
		{5738335C-845D-4CDB-B9AE-271F1D181373} = {2739231F-9060-4AAC-9B65-D9A13DBC9AB7}
		{75E9D9D2-A7D5-4C09-9EA2-55AC95856312} = {1B2670BE-E162-4391-8A85-4B9AE8D1DF5E}
		{F3B41893-5CA1-4B56-8F14-940C4B35A219} = {DD2D0DAB-E93E-4247-BC96-40FB754BE050}
		{D32E0B11-2B2E-4DB3-B567-4DB1EA98B690} = {DD2D0DAB-E93E-4247-BC96-40FB754BE050}
		{F4BB8686-A17D-4759-80B8-27A65A21DDC9} = {ACE8249C-EC36-4AFF-95C0-E5F88006CCC1}
		{ECD8CDA3-25F6-4F6A-96A1-E63EACB8D141} = {ACE8249C-EC36-4AFF-95C0-E5F88006CCC1}
		{C192002A-3D9E-4CFF-BB5B-9666A7B8145E} = {ACE8249C-EC36-4AFF-95C0-E5F88006CCC1}
		{A583CC38-10A6-497A-BD24-4B05B68D0F12} = {C192002A-3D9E-4CFF-BB5B-9666A7B8145E}
		{FC7049D9-C6ED-46F0-93A1-497F3013E611} = {ACE8249C-EC36-4AFF-95C0-E5F88006CCC1}
		{99CC6078-4B7A-4837-9CBD-AC94FB891CBD} = {FC7049D9-C6ED-46F0-93A1-497F3013E611}
		{7769FDD3-85CE-403D-B451-DC1A1E096512} = {FC7049D9-C6ED-46F0-93A1-497F3013E611}
		{874E2753-AD5F-44E9-96F9-62B08B328F6C} = {FC7049D9-C6ED-46F0-93A1-497F3013E611}
		{5348BA2B-0432-4ECD-A687-B8195B070FFA} = {C192002A-3D9E-4CFF-BB5B-9666A7B8145E}
		{C8F7CF89-52F7-4ACC-A008-0B33B0AAA951} = {FC7049D9-C6ED-46F0-93A1-497F3013E611}
		{B78EB226-F930-4118-B401-A7CD904A4F0C} = {6A2D0128-EE25-4204-B72B-82C3458ECDBD}
		{42898296-34F7-4F7F-A83C-7793ADF2F58D} = {EA2CB82B-7647-447D-B02E-24514A6302EE}
	EndGlobalSection
	GlobalSection(ExtensibilityGlobals) = postSolution
		SolutionGuid = {223530DC-C3E1-4141-9752-C4CB8043D205}
	EndGlobalSection
EndGlobal
